// !$*UTF8*$!
{
	archiveVersion = 1;
	classes = {
	};
	objectVersion = 46;
	objects = {

/* Begin PBXBuildFile section */
		A5593C5E1EEA495100097766 /* AppDelegate.swift in Sources */ = {isa = PBXBuildFile; fileRef = A5593C5D1EEA495100097766 /* AppDelegate.swift */; };
		A5593C601EEA495100097766 /* GameScene.sks in Resources */ = {isa = PBXBuildFile; fileRef = A5593C5F1EEA495100097766 /* GameScene.sks */; };
		A5593C621EEA495100097766 /* Actions.sks in Resources */ = {isa = PBXBuildFile; fileRef = A5593C611EEA495100097766 /* Actions.sks */; };
		A5593C641EEA495100097766 /* GameScene.swift in Sources */ = {isa = PBXBuildFile; fileRef = A5593C631EEA495100097766 /* GameScene.swift */; };
		A5593C661EEA495100097766 /* GameViewController.swift in Sources */ = {isa = PBXBuildFile; fileRef = A5593C651EEA495100097766 /* GameViewController.swift */; };
		A5593C691EEA495100097766 /* Main.storyboard in Resources */ = {isa = PBXBuildFile; fileRef = A5593C671EEA495100097766 /* Main.storyboard */; };
		A5593C6B1EEA495100097766 /* Assets.xcassets in Resources */ = {isa = PBXBuildFile; fileRef = A5593C6A1EEA495100097766 /* Assets.xcassets */; };
		A5593C791EEA495100097766 /* TamaHiveTests.swift in Sources */ = {isa = PBXBuildFile; fileRef = A5593C781EEA495100097766 /* TamaHiveTests.swift */; };
		A5593C841EEA495100097766 /* TamaHiveUITests.swift in Sources */ = {isa = PBXBuildFile; fileRef = A5593C831EEA495100097766 /* TamaHiveUITests.swift */; };
		A570020C1EF2880C00905761 /* TamaHive.xcdatamodeld in Sources */ = {isa = PBXBuildFile; fileRef = A570020A1EF2880C00905761 /* TamaHive.xcdatamodeld */; };
		A5DD57601EF1E61C00ED8998 /* Tamagotchi.swift in Sources */ = {isa = PBXBuildFile; fileRef = A5DD575D1EF1E61C00ED8998 /* Tamagotchi.swift */; };
		A5DD57611EF1E61C00ED8998 /* Extends.swift in Sources */ = {isa = PBXBuildFile; fileRef = A5DD575E1EF1E61C00ED8998 /* Extends.swift */; };
		A5DD57621EF1E61C00ED8998 /* TamaScene.swift in Sources */ = {isa = PBXBuildFile; fileRef = A5DD575F1EF1E61C00ED8998 /* TamaScene.swift */; };
/* End PBXBuildFile section */

/* Begin PBXContainerItemProxy section */
		A5593C751EEA495100097766 /* PBXContainerItemProxy */ = {
			isa = PBXContainerItemProxy;
			containerPortal = A5593C521EEA495100097766 /* Project object */;
			proxyType = 1;
			remoteGlobalIDString = A5593C591EEA495100097766;
			remoteInfo = TamaHive;
		};
		A5593C801EEA495100097766 /* PBXContainerItemProxy */ = {
			isa = PBXContainerItemProxy;
			containerPortal = A5593C521EEA495100097766 /* Project object */;
			proxyType = 1;
			remoteGlobalIDString = A5593C591EEA495100097766;
			remoteInfo = TamaHive;
		};
/* End PBXContainerItemProxy section */

/* Begin PBXFileReference section */
		A5593C5A1EEA495100097766 /* TamaHive.app */ = {isa = PBXFileReference; explicitFileType = wrapper.application; includeInIndex = 0; path = TamaHive.app; sourceTree = BUILT_PRODUCTS_DIR; };
		A5593C5D1EEA495100097766 /* AppDelegate.swift */ = {isa = PBXFileReference; lastKnownFileType = sourcecode.swift; path = AppDelegate.swift; sourceTree = "<group>"; };
		A5593C5F1EEA495100097766 /* GameScene.sks */ = {isa = PBXFileReference; lastKnownFileType = file.sks; path = GameScene.sks; sourceTree = "<group>"; };
		A5593C611EEA495100097766 /* Actions.sks */ = {isa = PBXFileReference; lastKnownFileType = file.sks; path = Actions.sks; sourceTree = "<group>"; };
		A5593C631EEA495100097766 /* GameScene.swift */ = {isa = PBXFileReference; lastKnownFileType = sourcecode.swift; path = GameScene.swift; sourceTree = "<group>"; };
		A5593C651EEA495100097766 /* GameViewController.swift */ = {isa = PBXFileReference; lastKnownFileType = sourcecode.swift; path = GameViewController.swift; sourceTree = "<group>"; };
		A5593C681EEA495100097766 /* Base */ = {isa = PBXFileReference; lastKnownFileType = file.storyboard; name = Base; path = Base.lproj/Main.storyboard; sourceTree = "<group>"; };
		A5593C6A1EEA495100097766 /* Assets.xcassets */ = {isa = PBXFileReference; lastKnownFileType = folder.assetcatalog; path = Assets.xcassets; sourceTree = "<group>"; };
		A5593C6F1EEA495100097766 /* Info.plist */ = {isa = PBXFileReference; lastKnownFileType = text.plist.xml; path = Info.plist; sourceTree = "<group>"; };
		A5593C741EEA495100097766 /* TamaHiveTests.xctest */ = {isa = PBXFileReference; explicitFileType = wrapper.cfbundle; includeInIndex = 0; path = TamaHiveTests.xctest; sourceTree = BUILT_PRODUCTS_DIR; };
		A5593C781EEA495100097766 /* TamaHiveTests.swift */ = {isa = PBXFileReference; lastKnownFileType = sourcecode.swift; path = TamaHiveTests.swift; sourceTree = "<group>"; };
		A5593C7A1EEA495100097766 /* Info.plist */ = {isa = PBXFileReference; lastKnownFileType = text.plist.xml; path = Info.plist; sourceTree = "<group>"; };
		A5593C7F1EEA495100097766 /* TamaHiveUITests.xctest */ = {isa = PBXFileReference; explicitFileType = wrapper.cfbundle; includeInIndex = 0; path = TamaHiveUITests.xctest; sourceTree = BUILT_PRODUCTS_DIR; };
		A5593C831EEA495100097766 /* TamaHiveUITests.swift */ = {isa = PBXFileReference; lastKnownFileType = sourcecode.swift; path = TamaHiveUITests.swift; sourceTree = "<group>"; };
		A5593C851EEA495100097766 /* Info.plist */ = {isa = PBXFileReference; lastKnownFileType = text.plist.xml; path = Info.plist; sourceTree = "<group>"; };
		A570020B1EF2880C00905761 /* TamaHive.xcdatamodel */ = {isa = PBXFileReference; lastKnownFileType = wrapper.xcdatamodel; path = TamaHive.xcdatamodel; sourceTree = "<group>"; };
		A5DD575D1EF1E61C00ED8998 /* Tamagotchi.swift */ = {isa = PBXFileReference; fileEncoding = 4; lastKnownFileType = sourcecode.swift; path = Tamagotchi.swift; sourceTree = "<group>"; };
		A5DD575E1EF1E61C00ED8998 /* Extends.swift */ = {isa = PBXFileReference; fileEncoding = 4; lastKnownFileType = sourcecode.swift; path = Extends.swift; sourceTree = "<group>"; };
		A5DD575F1EF1E61C00ED8998 /* TamaScene.swift */ = {isa = PBXFileReference; fileEncoding = 4; lastKnownFileType = sourcecode.swift; path = TamaScene.swift; sourceTree = "<group>"; };
		A5F8F4FB1EF2AC9000B0B0DC /* LaunchScreen.storyboard */ = {isa = PBXFileReference; lastKnownFileType = file.storyboard; path = LaunchScreen.storyboard; sourceTree = "<group>"; };
		A5F8F4FF1EF2C56700B0B0DC /* tamaHome.png */ = {isa = PBXFileReference; lastKnownFileType = image.png; path = tamaHome.png; sourceTree = "<group>"; };
		A5F8F5011EF36C5600B0B0DC /* egg_cracked.png */ = {isa = PBXFileReference; lastKnownFileType = image.png; path = egg_cracked.png; sourceTree = "<group>"; };
		A5F8F5021EF36C5600B0B0DC /* eggo0.png */ = {isa = PBXFileReference; lastKnownFileType = image.png; path = eggo0.png; sourceTree = "<group>"; };
		A5F8F5051EF36C5600B0B0DC /* chibipatchi.png */ = {isa = PBXFileReference; lastKnownFileType = image.png; path = chibipatchi.png; sourceTree = "<group>"; };
		A5F8F5061EF36C5600B0B0DC /* kuchipatchi.png */ = {isa = PBXFileReference; lastKnownFileType = image.png; path = kuchipatchi.png; sourceTree = "<group>"; };
		A5F8F5071EF36C5600B0B0DC /* mamapatchi.png */ = {isa = PBXFileReference; lastKnownFileType = image.png; path = mamapatchi.png; sourceTree = "<group>"; };
		A5F8F5081EF36C5600B0B0DC /* onsenmoguratchi.png */ = {isa = PBXFileReference; lastKnownFileType = image.png; path = onsenmoguratchi.png; sourceTree = "<group>"; };
		A5F8F5091EF36C5600B0B0DC /* papapatchi.png */ = {isa = PBXFileReference; lastKnownFileType = image.png; path = papapatchi.png; sourceTree = "<group>"; };
		A5F8F50A1EF36C5600B0B0DC /* yonepatchi.png */ = {isa = PBXFileReference; lastKnownFileType = image.png; path = yonepatchi.png; sourceTree = "<group>"; };
		A5F8F50C1EF36C5600B0B0DC /* metabortichib.png */ = {isa = PBXFileReference; lastKnownFileType = image.png; path = metabortichib.png; sourceTree = "<group>"; };
		A5F8F50D1EF36C5600B0B0DC /* metabortichig.png */ = {isa = PBXFileReference; lastKnownFileType = image.png; path = metabortichig.png; sourceTree = "<group>"; };
		A5F8F50E1EF36C5600B0B0DC /* osumotchib.png */ = {isa = PBXFileReference; lastKnownFileType = image.png; path = osumotchib.png; sourceTree = "<group>"; };
		A5F8F50F1EF36C5600B0B0DC /* osumotchig.png */ = {isa = PBXFileReference; lastKnownFileType = image.png; path = osumotchig.png; sourceTree = "<group>"; };
		A5F8F5111EF36C5600B0B0DC /* bagubagutchi.png */ = {isa = PBXFileReference; lastKnownFileType = image.png; path = bagubagutchi.png; sourceTree = "<group>"; };
		A5F8F5121EF36C5600B0B0DC /* chamametchi.png */ = {isa = PBXFileReference; lastKnownFileType = image.png; path = chamametchi.png; sourceTree = "<group>"; };
		A5F8F5131EF36C5600B0B0DC /* chantotchi.png */ = {isa = PBXFileReference; lastKnownFileType = image.png; path = chantotchi.png; sourceTree = "<group>"; };
		A5F8F5141EF36C5600B0B0DC /* mamametchi.png */ = {isa = PBXFileReference; lastKnownFileType = image.png; path = mamametchi.png; sourceTree = "<group>"; };
		A5F8F5151EF36C5600B0B0DC /* mametchi.png */ = {isa = PBXFileReference; lastKnownFileType = image.png; path = mametchi.png; sourceTree = "<group>"; };
		A5F8F5161EF36C5600B0B0DC /* memetchi.png */ = {isa = PBXFileReference; lastKnownFileType = image.png; path = memetchi.png; sourceTree = "<group>"; };
		A5F8F5171EF36C5600B0B0DC /* papamametchi.png */ = {isa = PBXFileReference; lastKnownFileType = image.png; path = papamametchi.png; sourceTree = "<group>"; };
		A5F8F5191EF36C5600B0B0DC /* chitchi.png */ = {isa = PBXFileReference; lastKnownFileType = image.png; path = chitchi.png; sourceTree = "<group>"; };
		A5F8F51A1EF36C5600B0B0DC /* imotchi.png */ = {isa = PBXFileReference; lastKnownFileType = image.png; path = imotchi.png; sourceTree = "<group>"; };
		A5F8F51B1EF36C5600B0B0DC /* mememamatchi.png */ = {isa = PBXFileReference; lastKnownFileType = image.png; path = mememamatchi.png; sourceTree = "<group>"; };
		A5F8F51C1EF36C5600B0B0DC /* memepapatchi.png */ = {isa = PBXFileReference; lastKnownFileType = image.png; path = memepapatchi.png; sourceTree = "<group>"; };
		A5F8F51D1EF36C5600B0B0DC /* memetchi.png */ = {isa = PBXFileReference; lastKnownFileType = image.png; path = memetchi.png; sourceTree = "<group>"; };
		A5F8F51E1EF36C5600B0B0DC /* mumutchi.png */ = {isa = PBXFileReference; lastKnownFileType = image.png; path = mumutchi.png; sourceTree = "<group>"; };
		A5F8F5201EF36C5600B0B0DC /* gozarutchi.png */ = {isa = PBXFileReference; lastKnownFileType = image.png; path = gozarutchi.png; sourceTree = "<group>"; };
		A5F8F5211EF36C5600B0B0DC /* kashiratchi.png */ = {isa = PBXFileReference; lastKnownFileType = image.png; path = kashiratchi.png; sourceTree = "<group>"; };
		A5F8F5221EF36C5600B0B0DC /* kunoitchi.png */ = {isa = PBXFileReference; lastKnownFileType = image.png; path = kunoitchi.png; sourceTree = "<group>"; };
		A5F8F5231EF36C5600B0B0DC /* okugatatchi.png */ = {isa = PBXFileReference; lastKnownFileType = image.png; path = okugatatchi.png; sourceTree = "<group>"; };
		A5F8F5251EF36C5600B0B0DC /* kuromametchi.png */ = {isa = PBXFileReference; lastKnownFileType = image.png; path = kuromametchi.png; sourceTree = "<group>"; };
		A5F8F5261EF36C5600B0B0DC /* majorite.png */ = {isa = PBXFileReference; lastKnownFileType = image.png; path = majorite.png; sourceTree = "<group>"; };
		A5F8F5271EF36C5600B0B0DC /* makiko.png */ = {isa = PBXFileReference; lastKnownFileType = image.png; path = makiko.png; sourceTree = "<group>"; };
		A5F8F5281EF36C5600B0B0DC /* papakurotchi.png */ = {isa = PBXFileReference; lastKnownFileType = image.png; path = papakurotchi.png; sourceTree = "<group>"; };
		A5F8F52A1EF36C5600B0B0DC /* hoshitchi.png */ = {isa = PBXFileReference; lastKnownFileType = image.png; path = hoshitchi.png; sourceTree = "<group>"; };
		A5F8F52B1EF36C5600B0B0DC /* iwatchi.png */ = {isa = PBXFileReference; lastKnownFileType = image.png; path = iwatchi.png; sourceTree = "<group>"; };
		A5F8F52C1EF36C5600B0B0DC /* mikazukitchi.png */ = {isa = PBXFileReference; lastKnownFileType = image.png; path = mikazukitchi.png; sourceTree = "<group>"; };
		A5F8F52D1EF36C5600B0B0DC /* planetchi.png */ = {isa = PBXFileReference; lastKnownFileType = image.png; path = planetchi.png; sourceTree = "<group>"; };
		A5F8F52E1EF36C5600B0B0DC /* sunnytchi.png */ = {isa = PBXFileReference; lastKnownFileType = image.png; path = sunnytchi.png; sourceTree = "<group>"; };
		A5F8F5301EF36C5600B0B0DC /* hanatarezoutchi.png */ = {isa = PBXFileReference; lastKnownFileType = image.png; path = hanatarezoutchi.png; sourceTree = "<group>"; };
		A5F8F5311EF36C5600B0B0DC /* kizatchi.png */ = {isa = PBXFileReference; lastKnownFileType = image.png; path = kizatchi.png; sourceTree = "<group>"; };
		A5F8F5321EF36C5600B0B0DC /* mamavioletchi.png */ = {isa = PBXFileReference; lastKnownFileType = image.png; path = mamavioletchi.png; sourceTree = "<group>"; };
		A5F8F5331EF36C5600B0B0DC /* papakizatchi.png */ = {isa = PBXFileReference; lastKnownFileType = image.png; path = papakizatchi.png; sourceTree = "<group>"; };
		A5F8F5341EF36C5600B0B0DC /* sukatchi.png */ = {isa = PBXFileReference; lastKnownFileType = image.png; path = sukatchi.png; sourceTree = "<group>"; };
		A5F8F5351EF36C5600B0B0DC /* violetchi.png */ = {isa = PBXFileReference; lastKnownFileType = image.png; path = violetchi.png; sourceTree = "<group>"; };
/* End PBXFileReference section */

/* Begin PBXFrameworksBuildPhase section */
		A5593C571EEA495100097766 /* Frameworks */ = {
			isa = PBXFrameworksBuildPhase;
			buildActionMask = 2147483647;
			files = (
			);
			runOnlyForDeploymentPostprocessing = 0;
		};
		A5593C711EEA495100097766 /* Frameworks */ = {
			isa = PBXFrameworksBuildPhase;
			buildActionMask = 2147483647;
			files = (
			);
			runOnlyForDeploymentPostprocessing = 0;
		};
		A5593C7C1EEA495100097766 /* Frameworks */ = {
			isa = PBXFrameworksBuildPhase;
			buildActionMask = 2147483647;
			files = (
			);
			runOnlyForDeploymentPostprocessing = 0;
		};
/* End PBXFrameworksBuildPhase section */

/* Begin PBXGroup section */
		A5593C511EEA495100097766 = {
			isa = PBXGroup;
			children = (
				A570020A1EF2880C00905761 /* TamaHive.xcdatamodeld */,
				A5593C5C1EEA495100097766 /* TamaHive */,
				A5593C771EEA495100097766 /* TamaHiveTests */,
				A5593C821EEA495100097766 /* TamaHiveUITests */,
				A5593C5B1EEA495100097766 /* Products */,
			);
			sourceTree = "<group>";
		};
		A5593C5B1EEA495100097766 /* Products */ = {
			isa = PBXGroup;
			children = (
				A5593C5A1EEA495100097766 /* TamaHive.app */,
				A5593C741EEA495100097766 /* TamaHiveTests.xctest */,
				A5593C7F1EEA495100097766 /* TamaHiveUITests.xctest */,
			);
			name = Products;
			sourceTree = "<group>";
		};
		A5593C5C1EEA495100097766 /* TamaHive */ = {
			isa = PBXGroup;
			children = (
				A5593C5D1EEA495100097766 /* AppDelegate.swift */,
				A5593C5F1EEA495100097766 /* GameScene.sks */,
				A5F8F5001EF36C5600B0B0DC /* images */,
				A5593C611EEA495100097766 /* Actions.sks */,
				A5DD57631EF1E63000ED8998 /* classes */,
				A5593C631EEA495100097766 /* GameScene.swift */,
				A5593C651EEA495100097766 /* GameViewController.swift */,
				A5593C671EEA495100097766 /* Main.storyboard */,
				A5593C6A1EEA495100097766 /* Assets.xcassets */,
				A5F8F4FB1EF2AC9000B0B0DC /* LaunchScreen.storyboard */,
				A5593C6F1EEA495100097766 /* Info.plist */,
			);
			path = TamaHive;
			sourceTree = "<group>";
		};
		A5593C771EEA495100097766 /* TamaHiveTests */ = {
			isa = PBXGroup;
			children = (
				A5593C781EEA495100097766 /* TamaHiveTests.swift */,
				A5593C7A1EEA495100097766 /* Info.plist */,
			);
			path = TamaHiveTests;
			sourceTree = "<group>";
		};
		A5593C821EEA495100097766 /* TamaHiveUITests */ = {
			isa = PBXGroup;
			children = (
				A5593C831EEA495100097766 /* TamaHiveUITests.swift */,
				A5593C851EEA495100097766 /* Info.plist */,
			);
			path = TamaHiveUITests;
			sourceTree = "<group>";
		};
		A5DD57631EF1E63000ED8998 /* classes */ = {
			isa = PBXGroup;
			children = (
				A5DD575E1EF1E61C00ED8998 /* Extends.swift */,
				A5DD575D1EF1E61C00ED8998 /* Tamagotchi.swift */,
				A5DD575F1EF1E61C00ED8998 /* TamaScene.swift */,
			);
			path = classes;
			sourceTree = "<group>";
		};
		A5F8F4FE1EF2C56700B0B0DC /* backgrounds */ = {
			isa = PBXGroup;
			children = (
				A5F8F4FF1EF2C56700B0B0DC /* tamaHome.png */,
			);
			path = backgrounds;
			sourceTree = "<group>";
		};
		A5F8F5001EF36C5600B0B0DC /* images */ = {
			isa = PBXGroup;
			children = (
				A5F8F4FE1EF2C56700B0B0DC /* backgrounds */,
				A5F8F5011EF36C5600B0B0DC /* egg_cracked.png */,
				A5F8F5021EF36C5600B0B0DC /* eggo0.png */,
				A5F8F5031EF36C5600B0B0DC /* Tamagotchis */,
			);
			path = images;
			sourceTree = "<group>";
		};
		A5F8F5031EF36C5600B0B0DC /* Tamagotchis */ = {
			isa = PBXGroup;
			children = (
				A5F8F5041EF36C5600B0B0DC /* kuchi */,
				A5F8F50B1EF36C5600B0B0DC /* large */,
				A5F8F5101EF36C5600B0B0DC /* mame */,
				A5F8F5181EF36C5600B0B0DC /* meme */,
				A5F8F51F1EF36C5600B0B0DC /* ninja */,
				A5F8F5241EF36C5600B0B0DC /* secret */,
				A5F8F5291EF36C5600B0B0DC /* space */,
				A5F8F52F1EF36C5600B0B0DC /* violet */,
			);
			path = Tamagotchis;
			sourceTree = "<group>";
		};
		A5F8F5041EF36C5600B0B0DC /* kuchi */ = {
			isa = PBXGroup;
			children = (
				A5F8F5051EF36C5600B0B0DC /* chibipatchi.png */,
				A5F8F5061EF36C5600B0B0DC /* kuchipatchi.png */,
				A5F8F5071EF36C5600B0B0DC /* mamapatchi.png */,
				A5F8F5081EF36C5600B0B0DC /* onsenmoguratchi.png */,
				A5F8F5091EF36C5600B0B0DC /* papapatchi.png */,
				A5F8F50A1EF36C5600B0B0DC /* yonepatchi.png */,
			);
			path = kuchi;
			sourceTree = "<group>";
		};
		A5F8F50B1EF36C5600B0B0DC /* large */ = {
			isa = PBXGroup;
			children = (
				A5F8F50C1EF36C5600B0B0DC /* metabortichib.png */,
				A5F8F50D1EF36C5600B0B0DC /* metabortichig.png */,
				A5F8F50E1EF36C5600B0B0DC /* osumotchib.png */,
				A5F8F50F1EF36C5600B0B0DC /* osumotchig.png */,
			);
			path = large;
			sourceTree = "<group>";
		};
		A5F8F5101EF36C5600B0B0DC /* mame */ = {
			isa = PBXGroup;
			children = (
				A5F8F5111EF36C5600B0B0DC /* bagubagutchi.png */,
				A5F8F5121EF36C5600B0B0DC /* chamametchi.png */,
				A5F8F5131EF36C5600B0B0DC /* chantotchi.png */,
				A5F8F5141EF36C5600B0B0DC /* mamametchi.png */,
				A5F8F5151EF36C5600B0B0DC /* mametchi.png */,
				A5F8F5161EF36C5600B0B0DC /* memetchi.png */,
				A5F8F5171EF36C5600B0B0DC /* papamametchi.png */,
			);
			path = mame;
			sourceTree = "<group>";
		};
		A5F8F5181EF36C5600B0B0DC /* meme */ = {
			isa = PBXGroup;
			children = (
				A5F8F5191EF36C5600B0B0DC /* chitchi.png */,
				A5F8F51A1EF36C5600B0B0DC /* imotchi.png */,
				A5F8F51B1EF36C5600B0B0DC /* mememamatchi.png */,
				A5F8F51C1EF36C5600B0B0DC /* memepapatchi.png */,
				A5F8F51D1EF36C5600B0B0DC /* memetchi.png */,
				A5F8F51E1EF36C5600B0B0DC /* mumutchi.png */,
			);
			path = meme;
			sourceTree = "<group>";
		};
		A5F8F51F1EF36C5600B0B0DC /* ninja */ = {
			isa = PBXGroup;
			children = (
				A5F8F5201EF36C5600B0B0DC /* gozarutchi.png */,
				A5F8F5211EF36C5600B0B0DC /* kashiratchi.png */,
				A5F8F5221EF36C5600B0B0DC /* kunoitchi.png */,
				A5F8F5231EF36C5600B0B0DC /* okugatatchi.png */,
			);
			path = ninja;
			sourceTree = "<group>";
		};
		A5F8F5241EF36C5600B0B0DC /* secret */ = {
			isa = PBXGroup;
			children = (
				A5F8F5251EF36C5600B0B0DC /* kuromametchi.png */,
				A5F8F5261EF36C5600B0B0DC /* majorite.png */,
				A5F8F5271EF36C5600B0B0DC /* makiko.png */,
				A5F8F5281EF36C5600B0B0DC /* papakurotchi.png */,
			);
			path = secret;
			sourceTree = "<group>";
		};
		A5F8F5291EF36C5600B0B0DC /* space */ = {
			isa = PBXGroup;
			children = (
				A5F8F52A1EF36C5600B0B0DC /* hoshitchi.png */,
				A5F8F52B1EF36C5600B0B0DC /* iwatchi.png */,
				A5F8F52C1EF36C5600B0B0DC /* mikazukitchi.png */,
				A5F8F52D1EF36C5600B0B0DC /* planetchi.png */,
				A5F8F52E1EF36C5600B0B0DC /* sunnytchi.png */,
			);
			path = space;
			sourceTree = "<group>";
		};
		A5F8F52F1EF36C5600B0B0DC /* violet */ = {
			isa = PBXGroup;
			children = (
				A5F8F5301EF36C5600B0B0DC /* hanatarezoutchi.png */,
				A5F8F5311EF36C5600B0B0DC /* kizatchi.png */,
				A5F8F5321EF36C5600B0B0DC /* mamavioletchi.png */,
				A5F8F5331EF36C5600B0B0DC /* papakizatchi.png */,
				A5F8F5341EF36C5600B0B0DC /* sukatchi.png */,
				A5F8F5351EF36C5600B0B0DC /* violetchi.png */,
			);
			path = violet;
			sourceTree = "<group>";
		};
/* End PBXGroup section */

/* Begin PBXNativeTarget section */
		A5593C591EEA495100097766 /* TamaHive */ = {
			isa = PBXNativeTarget;
			buildConfigurationList = A5593C881EEA495100097766 /* Build configuration list for PBXNativeTarget "TamaHive" */;
			buildPhases = (
				A5593C561EEA495100097766 /* Sources */,
				A5593C571EEA495100097766 /* Frameworks */,
				A5593C581EEA495100097766 /* Resources */,
			);
			buildRules = (
			);
			dependencies = (
			);
			name = TamaHive;
			productName = TamaHive;
			productReference = A5593C5A1EEA495100097766 /* TamaHive.app */;
			productType = "com.apple.product-type.application";
		};
		A5593C731EEA495100097766 /* TamaHiveTests */ = {
			isa = PBXNativeTarget;
			buildConfigurationList = A5593C8B1EEA495100097766 /* Build configuration list for PBXNativeTarget "TamaHiveTests" */;
			buildPhases = (
				A5593C701EEA495100097766 /* Sources */,
				A5593C711EEA495100097766 /* Frameworks */,
				A5593C721EEA495100097766 /* Resources */,
			);
			buildRules = (
			);
			dependencies = (
				A5593C761EEA495100097766 /* PBXTargetDependency */,
			);
			name = TamaHiveTests;
			productName = TamaHiveTests;
			productReference = A5593C741EEA495100097766 /* TamaHiveTests.xctest */;
			productType = "com.apple.product-type.bundle.unit-test";
		};
		A5593C7E1EEA495100097766 /* TamaHiveUITests */ = {
			isa = PBXNativeTarget;
			buildConfigurationList = A5593C8E1EEA495100097766 /* Build configuration list for PBXNativeTarget "TamaHiveUITests" */;
			buildPhases = (
				A5593C7B1EEA495100097766 /* Sources */,
				A5593C7C1EEA495100097766 /* Frameworks */,
				A5593C7D1EEA495100097766 /* Resources */,
			);
			buildRules = (
			);
			dependencies = (
				A5593C811EEA495100097766 /* PBXTargetDependency */,
			);
			name = TamaHiveUITests;
			productName = TamaHiveUITests;
			productReference = A5593C7F1EEA495100097766 /* TamaHiveUITests.xctest */;
			productType = "com.apple.product-type.bundle.ui-testing";
		};
/* End PBXNativeTarget section */

/* Begin PBXProject section */
		A5593C521EEA495100097766 /* Project object */ = {
			isa = PBXProject;
			attributes = {
				LastSwiftUpdateCheck = 0830;
				LastUpgradeCheck = 0900;
				ORGANIZATIONNAME = "Qualan Woodard";
				TargetAttributes = {
					A5593C591EEA495100097766 = {
						CreatedOnToolsVersion = 8.3.3;
						DevelopmentTeam = 4S6L6R5269;
						LastSwiftMigration = 0900;
						ProvisioningStyle = Automatic;
					};
					A5593C731EEA495100097766 = {
						CreatedOnToolsVersion = 8.3.3;
						DevelopmentTeam = 57QXE6GL75;
						LastSwiftMigration = 0900;
						ProvisioningStyle = Automatic;
						TestTargetID = A5593C591EEA495100097766;
					};
					A5593C7E1EEA495100097766 = {
						CreatedOnToolsVersion = 8.3.3;
						DevelopmentTeam = 57QXE6GL75;
						LastSwiftMigration = 0900;
						ProvisioningStyle = Automatic;
						TestTargetID = A5593C591EEA495100097766;
					};
				};
			};
			buildConfigurationList = A5593C551EEA495100097766 /* Build configuration list for PBXProject "TamaHive" */;
			compatibilityVersion = "Xcode 3.2";
			developmentRegion = English;
			hasScannedForEncodings = 0;
			knownRegions = (
				en,
				Base,
			);
			mainGroup = A5593C511EEA495100097766;
			productRefGroup = A5593C5B1EEA495100097766 /* Products */;
			projectDirPath = "";
			projectRoot = "";
			targets = (
				A5593C591EEA495100097766 /* TamaHive */,
				A5593C731EEA495100097766 /* TamaHiveTests */,
				A5593C7E1EEA495100097766 /* TamaHiveUITests */,
			);
		};
/* End PBXProject section */

/* Begin PBXResourcesBuildPhase section */
		A5593C581EEA495100097766 /* Resources */ = {
			isa = PBXResourcesBuildPhase;
			buildActionMask = 2147483647;
			files = (
				A5593C691EEA495100097766 /* Main.storyboard in Resources */,
				A5593C601EEA495100097766 /* GameScene.sks in Resources */,
				A5593C6B1EEA495100097766 /* Assets.xcassets in Resources */,
				A5593C621EEA495100097766 /* Actions.sks in Resources */,
			);
			runOnlyForDeploymentPostprocessing = 0;
		};
		A5593C721EEA495100097766 /* Resources */ = {
			isa = PBXResourcesBuildPhase;
			buildActionMask = 2147483647;
			files = (
			);
			runOnlyForDeploymentPostprocessing = 0;
		};
		A5593C7D1EEA495100097766 /* Resources */ = {
			isa = PBXResourcesBuildPhase;
			buildActionMask = 2147483647;
			files = (
			);
			runOnlyForDeploymentPostprocessing = 0;
		};
/* End PBXResourcesBuildPhase section */

/* Begin PBXSourcesBuildPhase section */
		A5593C561EEA495100097766 /* Sources */ = {
			isa = PBXSourcesBuildPhase;
			buildActionMask = 2147483647;
			files = (
				A5593C641EEA495100097766 /* GameScene.swift in Sources */,
				A5DD57621EF1E61C00ED8998 /* TamaScene.swift in Sources */,
				A5593C661EEA495100097766 /* GameViewController.swift in Sources */,
				A5DD57601EF1E61C00ED8998 /* Tamagotchi.swift in Sources */,
				A5DD57611EF1E61C00ED8998 /* Extends.swift in Sources */,
				A570020C1EF2880C00905761 /* TamaHive.xcdatamodeld in Sources */,
				A5593C5E1EEA495100097766 /* AppDelegate.swift in Sources */,
			);
			runOnlyForDeploymentPostprocessing = 0;
		};
		A5593C701EEA495100097766 /* Sources */ = {
			isa = PBXSourcesBuildPhase;
			buildActionMask = 2147483647;
			files = (
				A5593C791EEA495100097766 /* TamaHiveTests.swift in Sources */,
			);
			runOnlyForDeploymentPostprocessing = 0;
		};
		A5593C7B1EEA495100097766 /* Sources */ = {
			isa = PBXSourcesBuildPhase;
			buildActionMask = 2147483647;
			files = (
				A5593C841EEA495100097766 /* TamaHiveUITests.swift in Sources */,
			);
			runOnlyForDeploymentPostprocessing = 0;
		};
/* End PBXSourcesBuildPhase section */

/* Begin PBXTargetDependency section */
		A5593C761EEA495100097766 /* PBXTargetDependency */ = {
			isa = PBXTargetDependency;
			target = A5593C591EEA495100097766 /* TamaHive */;
			targetProxy = A5593C751EEA495100097766 /* PBXContainerItemProxy */;
		};
		A5593C811EEA495100097766 /* PBXTargetDependency */ = {
			isa = PBXTargetDependency;
			target = A5593C591EEA495100097766 /* TamaHive */;
			targetProxy = A5593C801EEA495100097766 /* PBXContainerItemProxy */;
		};
/* End PBXTargetDependency section */

/* Begin PBXVariantGroup section */
		A5593C671EEA495100097766 /* Main.storyboard */ = {
			isa = PBXVariantGroup;
			children = (
				A5593C681EEA495100097766 /* Base */,
			);
			name = Main.storyboard;
			sourceTree = "<group>";
		};
/* End PBXVariantGroup section */

/* Begin XCBuildConfiguration section */
		A5593C861EEA495100097766 /* Debug */ = {
			isa = XCBuildConfiguration;
			buildSettings = {
				ALWAYS_SEARCH_USER_PATHS = NO;
				CLANG_ANALYZER_NONNULL = YES;
				CLANG_ANALYZER_NUMBER_OBJECT_CONVERSION = YES_AGGRESSIVE;
				CLANG_CXX_LANGUAGE_STANDARD = "gnu++0x";
				CLANG_CXX_LIBRARY = "libc++";
				CLANG_ENABLE_MODULES = YES;
				CLANG_ENABLE_OBJC_ARC = YES;
				CLANG_WARN_BLOCK_CAPTURE_AUTORELEASING = YES;
				CLANG_WARN_BOOL_CONVERSION = YES;
				CLANG_WARN_COMMA = YES;
				CLANG_WARN_CONSTANT_CONVERSION = YES;
				CLANG_WARN_DIRECT_OBJC_ISA_USAGE = YES_ERROR;
				CLANG_WARN_DOCUMENTATION_COMMENTS = YES;
				CLANG_WARN_EMPTY_BODY = YES;
				CLANG_WARN_ENUM_CONVERSION = YES;
				CLANG_WARN_INFINITE_RECURSION = YES;
				CLANG_WARN_INT_CONVERSION = YES;
				CLANG_WARN_NON_LITERAL_NULL_CONVERSION = YES;
				CLANG_WARN_OBJC_LITERAL_CONVERSION = YES;
				CLANG_WARN_OBJC_ROOT_CLASS = YES_ERROR;
				CLANG_WARN_RANGE_LOOP_ANALYSIS = YES;
				CLANG_WARN_STRICT_PROTOTYPES = YES;
				CLANG_WARN_SUSPICIOUS_MOVE = YES;
				CLANG_WARN_UNREACHABLE_CODE = YES;
				CLANG_WARN__DUPLICATE_METHOD_MATCH = YES;
				"CODE_SIGN_IDENTITY[sdk=iphoneos*]" = "iPhone Developer";
				COPY_PHASE_STRIP = NO;
				DEBUG_INFORMATION_FORMAT = dwarf;
				ENABLE_STRICT_OBJC_MSGSEND = YES;
				ENABLE_TESTABILITY = YES;
				GCC_C_LANGUAGE_STANDARD = gnu99;
				GCC_DYNAMIC_NO_PIC = NO;
				GCC_NO_COMMON_BLOCKS = YES;
				GCC_OPTIMIZATION_LEVEL = 0;
				GCC_PREPROCESSOR_DEFINITIONS = (
					"DEBUG=1",
					"$(inherited)",
				);
				GCC_WARN_64_TO_32_BIT_CONVERSION = YES;
				GCC_WARN_ABOUT_RETURN_TYPE = YES_ERROR;
				GCC_WARN_UNDECLARED_SELECTOR = YES;
				GCC_WARN_UNINITIALIZED_AUTOS = YES_AGGRESSIVE;
				GCC_WARN_UNUSED_FUNCTION = YES;
				GCC_WARN_UNUSED_VARIABLE = YES;
				IPHONEOS_DEPLOYMENT_TARGET = 10.3;
				MTL_ENABLE_DEBUG_INFO = YES;
				ONLY_ACTIVE_ARCH = YES;
				SDKROOT = iphoneos;
				SWIFT_ACTIVE_COMPILATION_CONDITIONS = DEBUG;
				SWIFT_OPTIMIZATION_LEVEL = "-Onone";
			};
			name = Debug;
		};
		A5593C871EEA495100097766 /* Release */ = {
			isa = XCBuildConfiguration;
			buildSettings = {
				ALWAYS_SEARCH_USER_PATHS = NO;
				CLANG_ANALYZER_NONNULL = YES;
				CLANG_ANALYZER_NUMBER_OBJECT_CONVERSION = YES_AGGRESSIVE;
				CLANG_CXX_LANGUAGE_STANDARD = "gnu++0x";
				CLANG_CXX_LIBRARY = "libc++";
				CLANG_ENABLE_MODULES = YES;
				CLANG_ENABLE_OBJC_ARC = YES;
				CLANG_WARN_BLOCK_CAPTURE_AUTORELEASING = YES;
				CLANG_WARN_BOOL_CONVERSION = YES;
				CLANG_WARN_COMMA = YES;
				CLANG_WARN_CONSTANT_CONVERSION = YES;
				CLANG_WARN_DIRECT_OBJC_ISA_USAGE = YES_ERROR;
				CLANG_WARN_DOCUMENTATION_COMMENTS = YES;
				CLANG_WARN_EMPTY_BODY = YES;
				CLANG_WARN_ENUM_CONVERSION = YES;
				CLANG_WARN_INFINITE_RECURSION = YES;
				CLANG_WARN_INT_CONVERSION = YES;
				CLANG_WARN_NON_LITERAL_NULL_CONVERSION = YES;
				CLANG_WARN_OBJC_LITERAL_CONVERSION = YES;
				CLANG_WARN_OBJC_ROOT_CLASS = YES_ERROR;
				CLANG_WARN_RANGE_LOOP_ANALYSIS = YES;
				CLANG_WARN_STRICT_PROTOTYPES = YES;
				CLANG_WARN_SUSPICIOUS_MOVE = YES;
				CLANG_WARN_UNREACHABLE_CODE = YES;
				CLANG_WARN__DUPLICATE_METHOD_MATCH = YES;
				"CODE_SIGN_IDENTITY[sdk=iphoneos*]" = "iPhone Developer";
				COPY_PHASE_STRIP = NO;
				DEBUG_INFORMATION_FORMAT = "dwarf-with-dsym";
				ENABLE_NS_ASSERTIONS = NO;
				ENABLE_STRICT_OBJC_MSGSEND = YES;
				GCC_C_LANGUAGE_STANDARD = gnu99;
				GCC_NO_COMMON_BLOCKS = YES;
				GCC_WARN_64_TO_32_BIT_CONVERSION = YES;
				GCC_WARN_ABOUT_RETURN_TYPE = YES_ERROR;
				GCC_WARN_UNDECLARED_SELECTOR = YES;
				GCC_WARN_UNINITIALIZED_AUTOS = YES_AGGRESSIVE;
				GCC_WARN_UNUSED_FUNCTION = YES;
				GCC_WARN_UNUSED_VARIABLE = YES;
				IPHONEOS_DEPLOYMENT_TARGET = 10.3;
				MTL_ENABLE_DEBUG_INFO = NO;
				SDKROOT = iphoneos;
				SWIFT_OPTIMIZATION_LEVEL = "-Owholemodule";
				VALIDATE_PRODUCT = YES;
			};
			name = Release;
		};
		A5593C891EEA495100097766 /* Debug */ = {
			isa = XCBuildConfiguration;
			buildSettings = {
				ASSETCATALOG_COMPILER_APPICON_NAME = AppIcon;
				DEVELOPMENT_TEAM = 4S6L6R5269;
				INFOPLIST_FILE = TamaHive/Info.plist;
				IPHONEOS_DEPLOYMENT_TARGET = 10.0;
				LD_RUNPATH_SEARCH_PATHS = "$(inherited) @executable_path/Frameworks";
				PRODUCT_BUNDLE_IDENTIFIER = Anjour.TamaHive;
				PRODUCT_NAME = "$(TARGET_NAME)";
				SWIFT_SWIFT3_OBJC_INFERENCE = On;
				SWIFT_VERSION = 4.0;
			};
			name = Debug;
		};
		A5593C8A1EEA495100097766 /* Release */ = {
			isa = XCBuildConfiguration;
			buildSettings = {
				ASSETCATALOG_COMPILER_APPICON_NAME = AppIcon;
				DEVELOPMENT_TEAM = 4S6L6R5269;
				INFOPLIST_FILE = TamaHive/Info.plist;
				IPHONEOS_DEPLOYMENT_TARGET = 10.0;
				LD_RUNPATH_SEARCH_PATHS = "$(inherited) @executable_path/Frameworks";
				PRODUCT_BUNDLE_IDENTIFIER = Anjour.TamaHive;
				PRODUCT_NAME = "$(TARGET_NAME)";
				SWIFT_SWIFT3_OBJC_INFERENCE = On;
				SWIFT_VERSION = 4.0;
			};
			name = Release;
		};
		A5593C8C1EEA495100097766 /* Debug */ = {
			isa = XCBuildConfiguration;
			buildSettings = {
				ALWAYS_EMBED_SWIFT_STANDARD_LIBRARIES = YES;
				BUNDLE_LOADER = "$(TEST_HOST)";
				DEVELOPMENT_TEAM = 57QXE6GL75;
				INFOPLIST_FILE = TamaHiveTests/Info.plist;
				LD_RUNPATH_SEARCH_PATHS = "$(inherited) @executable_path/Frameworks @loader_path/Frameworks";
				PRODUCT_BUNDLE_IDENTIFIER = Anjour.TamaHiveTests;
				PRODUCT_NAME = "$(TARGET_NAME)";
				SWIFT_SWIFT3_OBJC_INFERENCE = On;
				SWIFT_VERSION = 4.0;
				TEST_HOST = "$(BUILT_PRODUCTS_DIR)/TamaHive.app/TamaHive";
			};
			name = Debug;
		};
		A5593C8D1EEA495100097766 /* Release */ = {
			isa = XCBuildConfiguration;
			buildSettings = {
				ALWAYS_EMBED_SWIFT_STANDARD_LIBRARIES = YES;
				BUNDLE_LOADER = "$(TEST_HOST)";
				DEVELOPMENT_TEAM = 57QXE6GL75;
				INFOPLIST_FILE = TamaHiveTests/Info.plist;
				LD_RUNPATH_SEARCH_PATHS = "$(inherited) @executable_path/Frameworks @loader_path/Frameworks";
				PRODUCT_BUNDLE_IDENTIFIER = Anjour.TamaHiveTests;
				PRODUCT_NAME = "$(TARGET_NAME)";
				SWIFT_SWIFT3_OBJC_INFERENCE = On;
				SWIFT_VERSION = 4.0;
				TEST_HOST = "$(BUILT_PRODUCTS_DIR)/TamaHive.app/TamaHive";
			};
			name = Release;
		};
		A5593C8F1EEA495100097766 /* Debug */ = {
			isa = XCBuildConfiguration;
			buildSettings = {
				ALWAYS_EMBED_SWIFT_STANDARD_LIBRARIES = YES;
				DEVELOPMENT_TEAM = 57QXE6GL75;
				INFOPLIST_FILE = TamaHiveUITests/Info.plist;
				LD_RUNPATH_SEARCH_PATHS = "$(inherited) @executable_path/Frameworks @loader_path/Frameworks";
				PRODUCT_BUNDLE_IDENTIFIER = Anjour.TamaHiveUITests;
				PRODUCT_NAME = "$(TARGET_NAME)";
				SWIFT_SWIFT3_OBJC_INFERENCE = On;
				SWIFT_VERSION = 4.0;
				TEST_TARGET_NAME = TamaHive;
			};
			name = Debug;
		};
		A5593C901EEA495100097766 /* Release */ = {
			isa = XCBuildConfiguration;
			buildSettings = {
				ALWAYS_EMBED_SWIFT_STANDARD_LIBRARIES = YES;
				DEVELOPMENT_TEAM = 57QXE6GL75;
				INFOPLIST_FILE = TamaHiveUITests/Info.plist;
				LD_RUNPATH_SEARCH_PATHS = "$(inherited) @executable_path/Frameworks @loader_path/Frameworks";
				PRODUCT_BUNDLE_IDENTIFIER = Anjour.TamaHiveUITests;
				PRODUCT_NAME = "$(TARGET_NAME)";
				SWIFT_SWIFT3_OBJC_INFERENCE = On;
				SWIFT_VERSION = 4.0;
				TEST_TARGET_NAME = TamaHive;
			};
			name = Release;
		};
/* End XCBuildConfiguration section */

/* Begin XCConfigurationList section */
		A5593C551EEA495100097766 /* Build configuration list for PBXProject "TamaHive" */ = {
			isa = XCConfigurationList;
			buildConfigurations = (
				A5593C861EEA495100097766 /* Debug */,
				A5593C871EEA495100097766 /* Release */,
			);
			defaultConfigurationIsVisible = 0;
			defaultConfigurationName = Release;
		};
		A5593C881EEA495100097766 /* Build configuration list for PBXNativeTarget "TamaHive" */ = {
			isa = XCConfigurationList;
			buildConfigurations = (
				A5593C891EEA495100097766 /* Debug */,
				A5593C8A1EEA495100097766 /* Release */,
			);
			defaultConfigurationIsVisible = 0;
			defaultConfigurationName = Release;
		};
		A5593C8B1EEA495100097766 /* Build configuration list for PBXNativeTarget "TamaHiveTests" */ = {
			isa = XCConfigurationList;
			buildConfigurations = (
				A5593C8C1EEA495100097766 /* Debug */,
				A5593C8D1EEA495100097766 /* Release */,
			);
			defaultConfigurationIsVisible = 0;
			defaultConfigurationName = Release;
		};
		A5593C8E1EEA495100097766 /* Build configuration list for PBXNativeTarget "TamaHiveUITests" */ = {
			isa = XCConfigurationList;
			buildConfigurations = (
				A5593C8F1EEA495100097766 /* Debug */,
				A5593C901EEA495100097766 /* Release */,
			);
			defaultConfigurationIsVisible = 0;
			defaultConfigurationName = Release;
		};
/* End XCConfigurationList section */

/* Begin XCVersionGroup section */
		A570020A1EF2880C00905761 /* TamaHive.xcdatamodeld */ = {
			isa = XCVersionGroup;
			children = (
				A570020B1EF2880C00905761 /* TamaHive.xcdatamodel */,
			);
			currentVersion = A570020B1EF2880C00905761 /* TamaHive.xcdatamodel */;
			path = TamaHive.xcdatamodeld;
			sourceTree = "<group>";
			versionGroupType = wrapper.xcdatamodel;
		};
/* End XCVersionGroup section */
	};
	rootObject = A5593C521EEA495100097766 /* Project object */;
}
